
Microsoft Visual Studio Solution File, Format Version 12.00
# Visual Studio Version 17
VisualStudioVersion = 17.13.35825.156 d17.13
MinimumVisualStudioVersion = 10.0.40219.1
Project("{FAE04EC0-301F-11D3-BF4B-00C04F79EFBC}") = "DataKaryawan", "DataKaryawan.csproj", "{139457EE-F852-4CF8-8EF7-D97A8660D80B}"
EndProject
Global
	GlobalSection(SolutionConfigurationPlatforms) = preSolution
		Debug|Any CPU = Debug|Any CPU
		Release|Any CPU = Release|Any CPU
	EndGlobalSection
	GlobalSection(ProjectConfigurationPlatforms) = postSolution
		{139457EE-F852-4CF8-8EF7-D97A8660D80B}.Debug|Any CPU.ActiveCfg = Debug|Any CPU
		{139457EE-F852-4CF8-8EF7-D97A8660D80B}.Debug|Any CPU.Build.0 = Debug|Any CPU
		{139457EE-F852-4CF8-8EF7-D97A8660D80B}.Release|Any CPU.ActiveCfg = Release|Any CPU
		{139457EE-F852-4CF8-8EF7-D97A8660D80B}.Release|Any CPU.Build.0 = Release|Any CPU
	EndGlobalSection
	GlobalSection(SolutionProperties) = preSolution
		HideSolutionNode = FALSE
	EndGlobalSection
	GlobalSection(ExtensibilityGlobals) = postSolution
		SolutionGuid = {85337335-DA9E-4235-BC6C-7C77621EEC35}
	EndGlobalSection
EndGlobal
